{
	"name": "workspace-watchdog",
	"version": "0.0.2",
	"lockfileVersion": 1,
	"requires": true,
	"dependencies": {
		"@types/dotenv": {
			"version": "6.1.1",
			"resolved": "https://registry.npmjs.org/@types/dotenv/-/dotenv-6.1.1.tgz",
			"integrity": "sha512-ftQl3DtBvqHl9L16tpqqzA4YzCSXZfi7g8cQceTz5rOlYtk/IZbFjAv3mLOQlNIgOaylCQWQoBdDQHPgEBJPHg==",
			"dev": true,
			"requires": {
				"@types/node": "*"
			}
		},
		"@types/events": {
			"version": "3.0.0",
			"resolved": "https://registry.npmjs.org/@types/events/-/events-3.0.0.tgz",
			"integrity": "sha512-EaObqwIvayI5a8dCzhFrjKzVwKLxjoG9T6Ppd5CEo07LRKfQ8Yokw54r5+Wq7FaBQ+yXRvQAYPrHwya1/UFt9g==",
			"dev": true
		},
		"@types/glob": {
			"version": "7.1.1",
			"resolved": "https://registry.npmjs.org/@types/glob/-/glob-7.1.1.tgz",
			"integrity": "sha512-1Bh06cbWJUHMC97acuD6UMG29nMt0Aqz1vF3guLfG+kHHJhy3AyohZFFxYk2f7Q1SQIrNwvncxAE0N/9s70F2w==",
			"dev": true,
			"requires": {
				"@types/events": "*",
				"@types/minimatch": "*",
				"@types/node": "*"
			}
		},
		"@types/minimatch": {
			"version": "3.0.3",
			"resolved": "https://registry.npmjs.org/@types/minimatch/-/minimatch-3.0.3.tgz",
			"integrity": "sha512-tHq6qdbT9U1IRSGf14CL0pUlULksvY9OZ+5eEgl1N7t+OA3tGvNpxJCzuKQlsNgCVwbAs670L1vcVQi8j9HjnA==",
			"dev": true
		},
		"@types/mocha": {
			"version": "5.2.7",
			"resolved": "https://registry.npmjs.org/@types/mocha/-/mocha-5.2.7.tgz",
			"integrity": "sha512-NYrtPht0wGzhwe9+/idPaBB+TqkY9AhTvOLMkThm0IoEfLaiVQZwBwyJ5puCkO3AUCWrmcoePjp2mbFocKy4SQ==",
			"dev": true
		},
		"@types/node": {
			"version": "10.14.10",
			"resolved": "https://registry.npmjs.org/@types/node/-/node-10.14.10.tgz",
			"integrity": "sha512-V8wj+w2YMNvGuhgl/MA5fmTxgjmVHVoasfIaxMMZJV6Y8Kk+Ydpi1z2whoShDCJ2BuNVoqH/h1hrygnBxkrw/Q==",
			"dev": true
		},
		"@types/vscode": {
			"version": "1.43.0",
			"resolved": "https://registry.npmjs.org/@types/vscode/-/vscode-1.43.0.tgz",
			"integrity": "sha512-kIaR9qzd80rJOxePKpCB/mdy00mz8Apt2QA5Y6rdrKFn13QNFNeP3Hzmsf37Bwh/3cS7QjtAeGSK7wSqAU0sYQ==",
			"dev": true
		},
		"typescript": {
			"version": "3.5.2",
			"resolved": "https://registry.npmjs.org/typescript/-/typescript-3.5.2.tgz",
			"integrity": "sha512-7KxJovlYhTX5RaRbUdkAXN1KUZ8PwWlTzQdHV6xNqvuFOs7+WBo10TQUqT19Q/Jz2hk5v9TQDIhyLhhJY4p5AA==",
			"dev": true
		}
	}
}
